# THIS IS AN AUTOGENERATED FILE. DO NOT EDIT THIS FILE DIRECTLY.
# yarn lockfile v1


bluebird@3.5.0:
  version "3.5.0"
  resolved "https://registry.yarnpkg.com/bluebird/-/bluebird-3.5.0.tgz#791420d7f551eea2897453a8a77653f96606d67c"

doc-path@1.0.8:
  version "1.0.8"
  resolved "https://registry.yarnpkg.com/doc-path/-/doc-path-1.0.8.tgz#88c9e994c07ccb040f85081a6e602e33e2eefc41"

json-2-csv@^2.1.1:
  version "2.1.1"
  resolved "https://registry.yarnpkg.com/json-2-csv/-/json-2-csv-2.1.1.tgz#c1481ec9a6acd3324037a8028c663853aacbb65e"
  dependencies:
    bluebird "3.5.0"
    doc-path "1.0.8"
    underscore "1.8.3"

underscore@1.8.3:
  version "1.8.3"
  resolved "https://registry.yarnpkg.com/underscore/-/underscore-1.8.3.tgz#4f3fb53b106e6097fcf9cb4109f2a5e9bdfa5022"
